
Microsoft Visual Studio Solution File, Format Version 12.00
# Visual Studio Version 16
VisualStudioVersion = 16.0.31515.178
MinimumVisualStudioVersion = 10.0.40219.1
Project("{FAE04EC0-301F-11D3-BF4B-00C04F79EFBC}") = "BOSS.az", "BOSS.az\BOSS.az.csproj", "{27273D47-FA00-48F7-B4DE-0EAEE39277CB}"
EndProject
Global
	GlobalSection(SolutionConfigurationPlatforms) = preSolution
		Debug|Any CPU = Debug|Any CPU
		Release|Any CPU = Release|Any CPU
	EndGlobalSection
	GlobalSection(ProjectConfigurationPlatforms) = postSolution
		{27273D47-FA00-48F7-B4DE-0EAEE39277CB}.Debug|Any CPU.ActiveCfg = Debug|Any CPU
		{27273D47-FA00-48F7-B4DE-0EAEE39277CB}.Debug|Any CPU.Build.0 = Debug|Any CPU
		{27273D47-FA00-48F7-B4DE-0EAEE39277CB}.Release|Any CPU.ActiveCfg = Release|Any CPU
		{27273D47-FA00-48F7-B4DE-0EAEE39277CB}.Release|Any CPU.Build.0 = Release|Any CPU
	EndGlobalSection
	GlobalSection(SolutionProperties) = preSolution
		HideSolutionNode = FALSE
	EndGlobalSection
	GlobalSection(ExtensibilityGlobals) = postSolution
		SolutionGuid = {4332FE73-E55E-428A-848B-9AE1BD341B64}
	EndGlobalSection
EndGlobal
